<?xml version="1.0" encoding="utf-8"?>
<Project ToolsVersion="4.0" xmlns="http://schemas.microsoft.com/developer/msbuild/2003">
  <ItemGroup>
    <Filter Include="Source Files">
      <UniqueIdentifier>{4FC737F1-C7A5-4376-A066-2A32D752A2FF}</UniqueIdentifier>
      <Extensions>cpp;c;cc;cxx;def;odl;idl;hpj;bat;asm;asmx</Extensions>
    </Filter>
    <Filter Include="Header Files">
      <UniqueIdentifier>{93995380-89BD-4b04-88EB-625FBE52EBFB}</UniqueIdentifier>
      <Extensions>h;hh;hpp;hxx;hm;inl;inc;xsd</Extensions>
    </Filter>
    <Filter Include="Resource Files">
      <UniqueIdentifier>{67DA6AB6-F800-4c08-8B7A-83BB121AAD01}</UniqueIdentifier>
      <Extensions>rc;ico;cur;bmp;dlg;rc2;rct;bin;rgs;gif;jpg;jpeg;jpe;resx;tiff;tif;png;wav;mfcribbon-ms</Extensions>
    </Filter>
    <Filter Include="Source Files\framework">
      <UniqueIdentifier>{8a4c50f2-1994-4b7d-a958-e4e49c9480c0}</UniqueIdentifier>
    </Filter>
    <Filter Include="Source Files\game">
      <UniqueIdentifier>{1b097d38-0a5d-488e-a319-53024a540d7f}</UniqueIdentifier>
    </Filter>
  </ItemGroup>
  <ItemGroup>
    <ClCompile Include="main.cpp">
      <Filter>Source Files</Filter>
    </ClCompile>
    <ClCompile Include="game\TetrisGame.cpp">
      <Filter>Source Files\game</Filter>
    </ClCompile>
    <ClCompile Include="framework\Renderer.cpp">
      <Filter>Source Files\framework</Filter>
    </ClCompile>
    <ClCompile Include="framework\Batch.cpp">
      <Filter>Source Files\framework</Filter>
    </ClCompile>
    <ClCompile Include="framework\Rectangle.cpp">
      <Filter>Source Files\framework</Filter>
    </ClCompile>
    <ClCompile Include="framework\RectangleBatch.cpp">
      <Filter>Source Files\framework</Filter>
    </ClCompile>
    <ClCompile Include="framework\Color.cpp">
      <Filter>Source Files\framework</Filter>
    </ClCompile>
    <ClCompile Include="framework\Window.cpp">
      <Filter>Source Files\framework</Filter>
    </ClCompile>
    <ClCompile Include="framework\LinesBatch.cpp">
      <Filter>Source Files\framework</Filter>
    </ClCompile>
    <ClCompile Include="framework\Point.cpp">
      <Filter>Source Files\framework</Filter>
    </ClCompile>
    <ClCompile Include="game\Cup.cpp">
      <Filter>Source Files\game</Filter>
    </ClCompile>
    <ClCompile Include="game\Figure.cpp">
      <Filter>Source Files\game</Filter>
    </ClCompile>
    <ClCompile Include="framework\Font.cpp">
      <Filter>Source Files\framework</Filter>
    </ClCompile>
    <ClCompile Include="game\Leaderboard.cpp">
      <Filter>Source Files\game</Filter>
    </ClCompile>
  </ItemGroup>
  <ItemGroup>
    <ClInclude Include="framework\Window.h">
      <Filter>Source Files\framework</Filter>
    </ClInclude>
    <ClInclude Include="game\TetrisGame.h">
      <Filter>Source Files\game</Filter>
    </ClInclude>
    <ClInclude Include="framework\Renderer.h">
      <Filter>Source Files\framework</Filter>
    </ClInclude>
    <ClInclude Include="framework\Batch.h">
      <Filter>Source Files\framework</Filter>
    </ClInclude>
    <ClInclude Include="framework\Rectangle.h">
      <Filter>Source Files\framework</Filter>
    </ClInclude>
    <ClInclude Include="framework\RectangleBatch.h">
      <Filter>Source Files\framework</Filter>
    </ClInclude>
    <ClInclude Include="framework\Color.h">
      <Filter>Source Files\framework</Filter>
    </ClInclude>
    <ClInclude Include="framework\LinesBatch.h">
      <Filter>Source Files\framework</Filter>
    </ClInclude>
    <ClInclude Include="framework\Point.h">
      <Filter>Source Files\framework</Filter>
    </ClInclude>
    <ClInclude Include="game\Cup.h">
      <Filter>Source Files\game</Filter>
    </ClInclude>
    <ClInclude Include="game\Figure.h">
      <Filter>Source Files\game</Filter>
    </ClInclude>
    <ClInclude Include="game\Random.h">
      <Filter>Source Files\game</Filter>
    </ClInclude>
    <ClInclude Include="framework\Font.h">
      <Filter>Source Files\framework</Filter>
    </ClInclude>
    <ClInclude Include="game\Leaderboard.h">
      <Filter>Source Files\game</Filter>
    </ClInclude>
  </ItemGroup>
  <ItemGroup>
    <Text Include="ReadMe.txt" />
  </ItemGroup>
</Project>